
Microsoft Visual Studio Solution File, Format Version 12.00
# Visual Studio 15
VisualStudioVersion = 15.0.28010.2048
MinimumVisualStudioVersion = 10.0.40219.1
Project("{FAE04EC0-301F-11D3-BF4B-00C04F79EFBC}") = "TicketRoom.Android", "TicketRoom\TicketRoom.Android\TicketRoom.Android.csproj", "{1341AFDA-57F1-4D9E-AE28-F3188441B6E5}"
EndProject
Project("{FAE04EC0-301F-11D3-BF4B-00C04F79EFBC}") = "TicketRoom.iOS", "TicketRoom\TicketRoom.iOS\TicketRoom.iOS.csproj", "{11229EDA-8A91-4994-847D-B79297C5753A}"
EndProject
Project("{FAE04EC0-301F-11D3-BF4B-00C04F79EFBC}") = "TicketRoom", "TicketRoom\TicketRoom\TicketRoom.csproj", "{00548820-8E4B-4806-9CD3-B45E0CBE4E20}"
EndProject
Global
	GlobalSection(SolutionConfigurationPlatforms) = preSolution
		Ad-Hoc|Any CPU = Ad-Hoc|Any CPU
		Ad-Hoc|iPhone = Ad-Hoc|iPhone
		Ad-Hoc|iPhoneSimulator = Ad-Hoc|iPhoneSimulator
		AppStore|Any CPU = AppStore|Any CPU
		AppStore|iPhone = AppStore|iPhone
		AppStore|iPhoneSimulator = AppStore|iPhoneSimulator
		Debug|Any CPU = Debug|Any CPU
		Debug|iPhone = Debug|iPhone
		Debug|iPhoneSimulator = Debug|iPhoneSimulator
		Release|Any CPU = Release|Any CPU
		Release|iPhone = Release|iPhone
		Release|iPhoneSimulator = Release|iPhoneSimulator
	EndGlobalSection
	GlobalSection(ProjectConfigurationPlatforms) = postSolution
		{1341AFDA-57F1-4D9E-AE28-F3188441B6E5}.Ad-Hoc|Any CPU.ActiveCfg = Release|Any CPU
		{1341AFDA-57F1-4D9E-AE28-F3188441B6E5}.Ad-Hoc|Any CPU.Build.0 = Release|Any CPU
		{1341AFDA-57F1-4D9E-AE28-F3188441B6E5}.Ad-Hoc|Any CPU.Deploy.0 = Release|Any CPU
		{1341AFDA-57F1-4D9E-AE28-F3188441B6E5}.Ad-Hoc|iPhone.ActiveCfg = Release|Any CPU
		{1341AFDA-57F1-4D9E-AE28-F3188441B6E5}.Ad-Hoc|iPhone.Build.0 = Release|Any CPU
		{1341AFDA-57F1-4D9E-AE28-F3188441B6E5}.Ad-Hoc|iPhone.Deploy.0 = Release|Any CPU
		{1341AFDA-57F1-4D9E-AE28-F3188441B6E5}.Ad-Hoc|iPhoneSimulator.ActiveCfg = Release|Any CPU
		{1341AFDA-57F1-4D9E-AE28-F3188441B6E5}.Ad-Hoc|iPhoneSimulator.Build.0 = Release|Any CPU
		{1341AFDA-57F1-4D9E-AE28-F3188441B6E5}.Ad-Hoc|iPhoneSimulator.Deploy.0 = Release|Any CPU
		{1341AFDA-57F1-4D9E-AE28-F3188441B6E5}.AppStore|Any CPU.ActiveCfg = Release|Any CPU
		{1341AFDA-57F1-4D9E-AE28-F3188441B6E5}.AppStore|Any CPU.Build.0 = Release|Any CPU
		{1341AFDA-57F1-4D9E-AE28-F3188441B6E5}.AppStore|Any CPU.Deploy.0 = Release|Any CPU
		{1341AFDA-57F1-4D9E-AE28-F3188441B6E5}.AppStore|iPhone.ActiveCfg = Release|Any CPU
		{1341AFDA-57F1-4D9E-AE28-F3188441B6E5}.AppStore|iPhone.Build.0 = Release|Any CPU
		{1341AFDA-57F1-4D9E-AE28-F3188441B6E5}.AppStore|iPhone.Deploy.0 = Release|Any CPU
		{1341AFDA-57F1-4D9E-AE28-F3188441B6E5}.AppStore|iPhoneSimulator.ActiveCfg = Release|Any CPU
		{1341AFDA-57F1-4D9E-AE28-F3188441B6E5}.AppStore|iPhoneSimulator.Build.0 = Release|Any CPU
		{1341AFDA-57F1-4D9E-AE28-F3188441B6E5}.AppStore|iPhoneSimulator.Deploy.0 = Release|Any CPU
		{1341AFDA-57F1-4D9E-AE28-F3188441B6E5}.Debug|Any CPU.ActiveCfg = Debug|Any CPU
		{1341AFDA-57F1-4D9E-AE28-F3188441B6E5}.Debug|Any CPU.Build.0 = Debug|Any CPU
		{1341AFDA-57F1-4D9E-AE28-F3188441B6E5}.Debug|Any CPU.Deploy.0 = Debug|Any CPU
		{1341AFDA-57F1-4D9E-AE28-F3188441B6E5}.Debug|iPhone.ActiveCfg = Debug|Any CPU
		{1341AFDA-57F1-4D9E-AE28-F3188441B6E5}.Debug|iPhone.Build.0 = Debug|Any CPU
		{1341AFDA-57F1-4D9E-AE28-F3188441B6E5}.Debug|iPhone.Deploy.0 = Debug|Any CPU
		{1341AFDA-57F1-4D9E-AE28-F3188441B6E5}.Debug|iPhoneSimulator.ActiveCfg = Debug|Any CPU
		{1341AFDA-57F1-4D9E-AE28-F3188441B6E5}.Debug|iPhoneSimulator.Build.0 = Debug|Any CPU
		{1341AFDA-57F1-4D9E-AE28-F3188441B6E5}.Debug|iPhoneSimulator.Deploy.0 = Debug|Any CPU
		{1341AFDA-57F1-4D9E-AE28-F3188441B6E5}.Release|Any CPU.ActiveCfg = Release|Any CPU
		{1341AFDA-57F1-4D9E-AE28-F3188441B6E5}.Release|Any CPU.Build.0 = Release|Any CPU
		{1341AFDA-57F1-4D9E-AE28-F3188441B6E5}.Release|Any CPU.Deploy.0 = Release|Any CPU
		{1341AFDA-57F1-4D9E-AE28-F3188441B6E5}.Release|iPhone.ActiveCfg = Release|Any CPU
		{1341AFDA-57F1-4D9E-AE28-F3188441B6E5}.Release|iPhone.Build.0 = Release|Any CPU
		{1341AFDA-57F1-4D9E-AE28-F3188441B6E5}.Release|iPhone.Deploy.0 = Release|Any CPU
		{1341AFDA-57F1-4D9E-AE28-F3188441B6E5}.Release|iPhoneSimulator.ActiveCfg = Release|Any CPU
		{1341AFDA-57F1-4D9E-AE28-F3188441B6E5}.Release|iPhoneSimulator.Build.0 = Release|Any CPU
		{1341AFDA-57F1-4D9E-AE28-F3188441B6E5}.Release|iPhoneSimulator.Deploy.0 = Release|Any CPU
		{11229EDA-8A91-4994-847D-B79297C5753A}.Ad-Hoc|Any CPU.ActiveCfg = Ad-Hoc|iPhone
		{11229EDA-8A91-4994-847D-B79297C5753A}.Ad-Hoc|Any CPU.Build.0 = Ad-Hoc|iPhone
		{11229EDA-8A91-4994-847D-B79297C5753A}.Ad-Hoc|Any CPU.Deploy.0 = Ad-Hoc|iPhone
		{11229EDA-8A91-4994-847D-B79297C5753A}.Ad-Hoc|iPhone.ActiveCfg = Ad-Hoc|iPhone
		{11229EDA-8A91-4994-847D-B79297C5753A}.Ad-Hoc|iPhone.Build.0 = Ad-Hoc|iPhone
		{11229EDA-8A91-4994-847D-B79297C5753A}.Ad-Hoc|iPhone.Deploy.0 = Ad-Hoc|iPhone
		{11229EDA-8A91-4994-847D-B79297C5753A}.Ad-Hoc|iPhoneSimulator.ActiveCfg = Ad-Hoc|iPhoneSimulator
		{11229EDA-8A91-4994-847D-B79297C5753A}.Ad-Hoc|iPhoneSimulator.Build.0 = Ad-Hoc|iPhoneSimulator
		{11229EDA-8A91-4994-847D-B79297C5753A}.Ad-Hoc|iPhoneSimulator.Deploy.0 = Ad-Hoc|iPhoneSimulator
		{11229EDA-8A91-4994-847D-B79297C5753A}.AppStore|Any CPU.ActiveCfg = AppStore|iPhone
		{11229EDA-8A91-4994-847D-B79297C5753A}.AppStore|Any CPU.Build.0 = AppStore|iPhone
		{11229EDA-8A91-4994-847D-B79297C5753A}.AppStore|Any CPU.Deploy.0 = AppStore|iPhone
		{11229EDA-8A91-4994-847D-B79297C5753A}.AppStore|iPhone.ActiveCfg = AppStore|iPhone
		{11229EDA-8A91-4994-847D-B79297C5753A}.AppStore|iPhone.Build.0 = AppStore|iPhone
		{11229EDA-8A91-4994-847D-B79297C5753A}.AppStore|iPhone.Deploy.0 = AppStore|iPhone
		{11229EDA-8A91-4994-847D-B79297C5753A}.AppStore|iPhoneSimulator.ActiveCfg = AppStore|iPhoneSimulator
		{11229EDA-8A91-4994-847D-B79297C5753A}.AppStore|iPhoneSimulator.Build.0 = AppStore|iPhoneSimulator
		{11229EDA-8A91-4994-847D-B79297C5753A}.AppStore|iPhoneSimulator.Deploy.0 = AppStore|iPhoneSimulator
		{11229EDA-8A91-4994-847D-B79297C5753A}.Debug|Any CPU.ActiveCfg = Debug|iPhoneSimulator
		{11229EDA-8A91-4994-847D-B79297C5753A}.Debug|Any CPU.Build.0 = Debug|iPhoneSimulator
		{11229EDA-8A91-4994-847D-B79297C5753A}.Debug|Any CPU.Deploy.0 = Debug|iPhoneSimulator
		{11229EDA-8A91-4994-847D-B79297C5753A}.Debug|iPhone.ActiveCfg = Debug|iPhone
		{11229EDA-8A91-4994-847D-B79297C5753A}.Debug|iPhone.Build.0 = Debug|iPhone
		{11229EDA-8A91-4994-847D-B79297C5753A}.Debug|iPhone.Deploy.0 = Debug|iPhone
		{11229EDA-8A91-4994-847D-B79297C5753A}.Debug|iPhoneSimulator.ActiveCfg = Debug|iPhoneSimulator
		{11229EDA-8A91-4994-847D-B79297C5753A}.Debug|iPhoneSimulator.Build.0 = Debug|iPhoneSimulator
		{11229EDA-8A91-4994-847D-B79297C5753A}.Debug|iPhoneSimulator.Deploy.0 = Debug|iPhoneSimulator
		{11229EDA-8A91-4994-847D-B79297C5753A}.Release|Any CPU.ActiveCfg = Release|iPhone
		{11229EDA-8A91-4994-847D-B79297C5753A}.Release|Any CPU.Build.0 = Release|iPhone
		{11229EDA-8A91-4994-847D-B79297C5753A}.Release|Any CPU.Deploy.0 = Release|iPhone
		{11229EDA-8A91-4994-847D-B79297C5753A}.Release|iPhone.ActiveCfg = Release|iPhone
		{11229EDA-8A91-4994-847D-B79297C5753A}.Release|iPhone.Build.0 = Release|iPhone
		{11229EDA-8A91-4994-847D-B79297C5753A}.Release|iPhone.Deploy.0 = Release|iPhone
		{11229EDA-8A91-4994-847D-B79297C5753A}.Release|iPhoneSimulator.ActiveCfg = Release|iPhoneSimulator
		{11229EDA-8A91-4994-847D-B79297C5753A}.Release|iPhoneSimulator.Build.0 = Release|iPhoneSimulator
		{11229EDA-8A91-4994-847D-B79297C5753A}.Release|iPhoneSimulator.Deploy.0 = Release|iPhoneSimulator
		{00548820-8E4B-4806-9CD3-B45E0CBE4E20}.Ad-Hoc|Any CPU.ActiveCfg = Debug|Any CPU
		{00548820-8E4B-4806-9CD3-B45E0CBE4E20}.Ad-Hoc|Any CPU.Build.0 = Debug|Any CPU
		{00548820-8E4B-4806-9CD3-B45E0CBE4E20}.Ad-Hoc|Any CPU.Deploy.0 = Debug|Any CPU
		{00548820-8E4B-4806-9CD3-B45E0CBE4E20}.Ad-Hoc|iPhone.ActiveCfg = Debug|Any CPU
		{00548820-8E4B-4806-9CD3-B45E0CBE4E20}.Ad-Hoc|iPhone.Build.0 = Debug|Any CPU
		{00548820-8E4B-4806-9CD3-B45E0CBE4E20}.Ad-Hoc|iPhone.Deploy.0 = Debug|Any CPU
		{00548820-8E4B-4806-9CD3-B45E0CBE4E20}.Ad-Hoc|iPhoneSimulator.ActiveCfg = Debug|Any CPU
		{00548820-8E4B-4806-9CD3-B45E0CBE4E20}.Ad-Hoc|iPhoneSimulator.Build.0 = Debug|Any CPU
		{00548820-8E4B-4806-9CD3-B45E0CBE4E20}.Ad-Hoc|iPhoneSimulator.Deploy.0 = Debug|Any CPU
		{00548820-8E4B-4806-9CD3-B45E0CBE4E20}.AppStore|Any CPU.ActiveCfg = Debug|Any CPU
		{00548820-8E4B-4806-9CD3-B45E0CBE4E20}.AppStore|Any CPU.Build.0 = Debug|Any CPU
		{00548820-8E4B-4806-9CD3-B45E0CBE4E20}.AppStore|Any CPU.Deploy.0 = Debug|Any CPU
		{00548820-8E4B-4806-9CD3-B45E0CBE4E20}.AppStore|iPhone.ActiveCfg = Debug|Any CPU
		{00548820-8E4B-4806-9CD3-B45E0CBE4E20}.AppStore|iPhone.Build.0 = Debug|Any CPU
		{00548820-8E4B-4806-9CD3-B45E0CBE4E20}.AppStore|iPhone.Deploy.0 = Debug|Any CPU
		{00548820-8E4B-4806-9CD3-B45E0CBE4E20}.AppStore|iPhoneSimulator.ActiveCfg = Debug|Any CPU
		{00548820-8E4B-4806-9CD3-B45E0CBE4E20}.AppStore|iPhoneSimulator.Build.0 = Debug|Any CPU
		{00548820-8E4B-4806-9CD3-B45E0CBE4E20}.AppStore|iPhoneSimulator.Deploy.0 = Debug|Any CPU
		{00548820-8E4B-4806-9CD3-B45E0CBE4E20}.Debug|Any CPU.ActiveCfg = Debug|Any CPU
		{00548820-8E4B-4806-9CD3-B45E0CBE4E20}.Debug|Any CPU.Build.0 = Debug|Any CPU
		{00548820-8E4B-4806-9CD3-B45E0CBE4E20}.Debug|Any CPU.Deploy.0 = Debug|Any CPU
		{00548820-8E4B-4806-9CD3-B45E0CBE4E20}.Debug|iPhone.ActiveCfg = Debug|Any CPU
		{00548820-8E4B-4806-9CD3-B45E0CBE4E20}.Debug|iPhone.Build.0 = Debug|Any CPU
		{00548820-8E4B-4806-9CD3-B45E0CBE4E20}.Debug|iPhone.Deploy.0 = Debug|Any CPU
		{00548820-8E4B-4806-9CD3-B45E0CBE4E20}.Debug|iPhoneSimulator.ActiveCfg = Debug|Any CPU
		{00548820-8E4B-4806-9CD3-B45E0CBE4E20}.Debug|iPhoneSimulator.Build.0 = Debug|Any CPU
		{00548820-8E4B-4806-9CD3-B45E0CBE4E20}.Debug|iPhoneSimulator.Deploy.0 = Debug|Any CPU
		{00548820-8E4B-4806-9CD3-B45E0CBE4E20}.Release|Any CPU.ActiveCfg = Release|Any CPU
		{00548820-8E4B-4806-9CD3-B45E0CBE4E20}.Release|Any CPU.Build.0 = Release|Any CPU
		{00548820-8E4B-4806-9CD3-B45E0CBE4E20}.Release|Any CPU.Deploy.0 = Release|Any CPU
		{00548820-8E4B-4806-9CD3-B45E0CBE4E20}.Release|iPhone.ActiveCfg = Release|Any CPU
		{00548820-8E4B-4806-9CD3-B45E0CBE4E20}.Release|iPhone.Build.0 = Release|Any CPU
		{00548820-8E4B-4806-9CD3-B45E0CBE4E20}.Release|iPhone.Deploy.0 = Release|Any CPU
		{00548820-8E4B-4806-9CD3-B45E0CBE4E20}.Release|iPhoneSimulator.ActiveCfg = Release|Any CPU
		{00548820-8E4B-4806-9CD3-B45E0CBE4E20}.Release|iPhoneSimulator.Build.0 = Release|Any CPU
		{00548820-8E4B-4806-9CD3-B45E0CBE4E20}.Release|iPhoneSimulator.Deploy.0 = Release|Any CPU
	EndGlobalSection
	GlobalSection(SolutionProperties) = preSolution
		HideSolutionNode = FALSE
	EndGlobalSection
	GlobalSection(ExtensibilityGlobals) = postSolution
		SolutionGuid = {263816A3-5A4D-4C2E-814D-63F3C500AE0F}
	EndGlobalSection
EndGlobal
